# Keep the front door locked
alias: Auto lock
trigger:
  platform: state
  entity_id: lock.front_door
  to: unlocked
  for:
    minutes: 5
action:
- service: script.ask_about_turning_on
  data:
    entity_id: script.lock_up
    message: "The front door's been unlocked for a bit. Lock up?"
    confirmation_message: locked up
